// !$*UTF8*$!
{
	archiveVersion = 1;
	classes = {
	};
	objectVersion = 51;
	objects = {

/* Begin PBXBuildFile section */
		75D635D923D82EBBFC4BC3A4 /* Pods_Instagram.framework in Frameworks */ = {isa = PBXBuildFile; fileRef = 33AD61337D370FD6799FFDC8 /* Pods_Instagram.framework */; };
		D45226B724EDA981003F8E80 /* AppDelegate.swift in Sources */ = {isa = PBXBuildFile; fileRef = D45226B624EDA981003F8E80 /* AppDelegate.swift */; };
		D45226B924EDA981003F8E80 /* SceneDelegate.swift in Sources */ = {isa = PBXBuildFile; fileRef = D45226B824EDA981003F8E80 /* SceneDelegate.swift */; };
		D45226BB24EDA981003F8E80 /* HomeViewController.swift in Sources */ = {isa = PBXBuildFile; fileRef = D45226BA24EDA981003F8E80 /* HomeViewController.swift */; };
		D45226BE24EDA981003F8E80 /* Main.storyboard in Resources */ = {isa = PBXBuildFile; fileRef = D45226BC24EDA981003F8E80 /* Main.storyboard */; };
		D45226C024EDA983003F8E80 /* Assets.xcassets in Resources */ = {isa = PBXBuildFile; fileRef = D45226BF24EDA983003F8E80 /* Assets.xcassets */; };
		D45226C324EDA983003F8E80 /* LaunchScreen.storyboard in Resources */ = {isa = PBXBuildFile; fileRef = D45226C124EDA983003F8E80 /* LaunchScreen.storyboard */; };
		D45226D024EDAB06003F8E80 /* ExploreViewController.swift in Sources */ = {isa = PBXBuildFile; fileRef = D45226CF24EDAB06003F8E80 /* ExploreViewController.swift */; };
		D45226D224EDAB23003F8E80 /* CameraViewController.swift in Sources */ = {isa = PBXBuildFile; fileRef = D45226D124EDAB23003F8E80 /* CameraViewController.swift */; };
		D45226D424EDAB50003F8E80 /* NotificationViewController.swift in Sources */ = {isa = PBXBuildFile; fileRef = D45226D324EDAB50003F8E80 /* NotificationViewController.swift */; };
		D45226D624EDAB66003F8E80 /* ProfileViewController.swift in Sources */ = {isa = PBXBuildFile; fileRef = D45226D524EDAB66003F8E80 /* ProfileViewController.swift */; };
		D45226DB24EDABF4003F8E80 /* LoginViewController.swift in Sources */ = {isa = PBXBuildFile; fileRef = D45226DA24EDABF4003F8E80 /* LoginViewController.swift */; };
		D45226DD24EDAC10003F8E80 /* RegistrationViewController.swift in Sources */ = {isa = PBXBuildFile; fileRef = D45226DC24EDAC10003F8E80 /* RegistrationViewController.swift */; };
		D45226DF24EDAC35003F8E80 /* PostViewController.swift in Sources */ = {isa = PBXBuildFile; fileRef = D45226DE24EDAC35003F8E80 /* PostViewController.swift */; };
		D45226E124EDAC50003F8E80 /* EditProfileViewController.swift in Sources */ = {isa = PBXBuildFile; fileRef = D45226E024EDAC50003F8E80 /* EditProfileViewController.swift */; };
		D45226E324EDAC67003F8E80 /* SettingsViewController.swift in Sources */ = {isa = PBXBuildFile; fileRef = D45226E224EDAC67003F8E80 /* SettingsViewController.swift */; };
		D45226E524EDAC73003F8E80 /* ListViewController.swift in Sources */ = {isa = PBXBuildFile; fileRef = D45226E424EDAC73003F8E80 /* ListViewController.swift */; };
		D45226E724EDAC80003F8E80 /* SearchViewController.swift in Sources */ = {isa = PBXBuildFile; fileRef = D45226E624EDAC80003F8E80 /* SearchViewController.swift */; };
		D45226E924EDAC97003F8E80 /* SearchResultViewController.swift in Sources */ = {isa = PBXBuildFile; fileRef = D45226E824EDAC97003F8E80 /* SearchResultViewController.swift */; };
		D45226EB24EDACB8003F8E80 /* PostEditorViewController.swift in Sources */ = {isa = PBXBuildFile; fileRef = D45226EA24EDACB8003F8E80 /* PostEditorViewController.swift */; };
		D45226ED24EDACD8003F8E80 /* PublishPostViewController.swift in Sources */ = {isa = PBXBuildFile; fileRef = D45226EC24EDACD8003F8E80 /* PublishPostViewController.swift */; };
		D489AD1524EDB92D009D0AD4 /* GoogleService-Info.plist in Resources */ = {isa = PBXBuildFile; fileRef = D489AD1424EDB92C009D0AD4 /* GoogleService-Info.plist */; };
		D489AD1824EDBD40009D0AD4 /* DatabaseManager.swift in Sources */ = {isa = PBXBuildFile; fileRef = D489AD1724EDBD40009D0AD4 /* DatabaseManager.swift */; };
		D489AD1A24EDBDF7009D0AD4 /* AuthManager.swift in Sources */ = {isa = PBXBuildFile; fileRef = D489AD1924EDBDF7009D0AD4 /* AuthManager.swift */; };
		D489AD1C24EDBE2B009D0AD4 /* StorageManager.swift in Sources */ = {isa = PBXBuildFile; fileRef = D489AD1B24EDBE2B009D0AD4 /* StorageManager.swift */; };
/* End PBXBuildFile section */

/* Begin PBXFileReference section */
		33AD61337D370FD6799FFDC8 /* Pods_Instagram.framework */ = {isa = PBXFileReference; explicitFileType = wrapper.framework; includeInIndex = 0; path = Pods_Instagram.framework; sourceTree = BUILT_PRODUCTS_DIR; };
		C668786F797C21BA797D58B2 /* Pods-Instagram.release.xcconfig */ = {isa = PBXFileReference; includeInIndex = 1; lastKnownFileType = text.xcconfig; name = "Pods-Instagram.release.xcconfig"; path = "Target Support Files/Pods-Instagram/Pods-Instagram.release.xcconfig"; sourceTree = "<group>"; };
		D45226B324EDA981003F8E80 /* Instagram.app */ = {isa = PBXFileReference; explicitFileType = wrapper.application; includeInIndex = 0; path = Instagram.app; sourceTree = BUILT_PRODUCTS_DIR; };
		D45226B624EDA981003F8E80 /* AppDelegate.swift */ = {isa = PBXFileReference; lastKnownFileType = sourcecode.swift; path = AppDelegate.swift; sourceTree = "<group>"; };
		D45226B824EDA981003F8E80 /* SceneDelegate.swift */ = {isa = PBXFileReference; lastKnownFileType = sourcecode.swift; path = SceneDelegate.swift; sourceTree = "<group>"; };
		D45226BA24EDA981003F8E80 /* HomeViewController.swift */ = {isa = PBXFileReference; lastKnownFileType = sourcecode.swift; path = HomeViewController.swift; sourceTree = "<group>"; };
		D45226BD24EDA981003F8E80 /* Base */ = {isa = PBXFileReference; lastKnownFileType = file.storyboard; name = Base; path = Base.lproj/Main.storyboard; sourceTree = "<group>"; };
		D45226BF24EDA983003F8E80 /* Assets.xcassets */ = {isa = PBXFileReference; lastKnownFileType = folder.assetcatalog; path = Assets.xcassets; sourceTree = "<group>"; };
		D45226C224EDA983003F8E80 /* Base */ = {isa = PBXFileReference; lastKnownFileType = file.storyboard; name = Base; path = Base.lproj/LaunchScreen.storyboard; sourceTree = "<group>"; };
		D45226C424EDA983003F8E80 /* Info.plist */ = {isa = PBXFileReference; lastKnownFileType = text.plist.xml; path = Info.plist; sourceTree = "<group>"; };
		D45226CF24EDAB06003F8E80 /* ExploreViewController.swift */ = {isa = PBXFileReference; lastKnownFileType = sourcecode.swift; path = ExploreViewController.swift; sourceTree = "<group>"; };
		D45226D124EDAB23003F8E80 /* CameraViewController.swift */ = {isa = PBXFileReference; lastKnownFileType = sourcecode.swift; path = CameraViewController.swift; sourceTree = "<group>"; };
		D45226D324EDAB50003F8E80 /* NotificationViewController.swift */ = {isa = PBXFileReference; lastKnownFileType = sourcecode.swift; path = NotificationViewController.swift; sourceTree = "<group>"; };
		D45226D524EDAB66003F8E80 /* ProfileViewController.swift */ = {isa = PBXFileReference; lastKnownFileType = sourcecode.swift; path = ProfileViewController.swift; sourceTree = "<group>"; };
		D45226DA24EDABF4003F8E80 /* LoginViewController.swift */ = {isa = PBXFileReference; lastKnownFileType = sourcecode.swift; path = LoginViewController.swift; sourceTree = "<group>"; };
		D45226DC24EDAC10003F8E80 /* RegistrationViewController.swift */ = {isa = PBXFileReference; lastKnownFileType = sourcecode.swift; path = RegistrationViewController.swift; sourceTree = "<group>"; };
		D45226DE24EDAC35003F8E80 /* PostViewController.swift */ = {isa = PBXFileReference; lastKnownFileType = sourcecode.swift; path = PostViewController.swift; sourceTree = "<group>"; };
		D45226E024EDAC50003F8E80 /* EditProfileViewController.swift */ = {isa = PBXFileReference; lastKnownFileType = sourcecode.swift; path = EditProfileViewController.swift; sourceTree = "<group>"; };
		D45226E224EDAC67003F8E80 /* SettingsViewController.swift */ = {isa = PBXFileReference; lastKnownFileType = sourcecode.swift; path = SettingsViewController.swift; sourceTree = "<group>"; };
		D45226E424EDAC73003F8E80 /* ListViewController.swift */ = {isa = PBXFileReference; lastKnownFileType = sourcecode.swift; path = ListViewController.swift; sourceTree = "<group>"; };
		D45226E624EDAC80003F8E80 /* SearchViewController.swift */ = {isa = PBXFileReference; lastKnownFileType = sourcecode.swift; path = SearchViewController.swift; sourceTree = "<group>"; };
		D45226E824EDAC97003F8E80 /* SearchResultViewController.swift */ = {isa = PBXFileReference; lastKnownFileType = sourcecode.swift; path = SearchResultViewController.swift; sourceTree = "<group>"; };
		D45226EA24EDACB8003F8E80 /* PostEditorViewController.swift */ = {isa = PBXFileReference; lastKnownFileType = sourcecode.swift; path = PostEditorViewController.swift; sourceTree = "<group>"; };
		D45226EC24EDACD8003F8E80 /* PublishPostViewController.swift */ = {isa = PBXFileReference; lastKnownFileType = sourcecode.swift; path = PublishPostViewController.swift; sourceTree = "<group>"; };
		D489AD1424EDB92C009D0AD4 /* GoogleService-Info.plist */ = {isa = PBXFileReference; fileEncoding = 4; lastKnownFileType = text.plist.xml; path = "GoogleService-Info.plist"; sourceTree = "<group>"; };
		D489AD1724EDBD40009D0AD4 /* DatabaseManager.swift */ = {isa = PBXFileReference; lastKnownFileType = sourcecode.swift; path = DatabaseManager.swift; sourceTree = "<group>"; };
		D489AD1924EDBDF7009D0AD4 /* AuthManager.swift */ = {isa = PBXFileReference; lastKnownFileType = sourcecode.swift; path = AuthManager.swift; sourceTree = "<group>"; };
		D489AD1B24EDBE2B009D0AD4 /* StorageManager.swift */ = {isa = PBXFileReference; lastKnownFileType = sourcecode.swift; path = StorageManager.swift; sourceTree = "<group>"; };
		EABE560E36D42E778E09FED7 /* Pods-Instagram.debug.xcconfig */ = {isa = PBXFileReference; includeInIndex = 1; lastKnownFileType = text.xcconfig; name = "Pods-Instagram.debug.xcconfig"; path = "Target Support Files/Pods-Instagram/Pods-Instagram.debug.xcconfig"; sourceTree = "<group>"; };
/* End PBXFileReference section */

/* Begin PBXFrameworksBuildPhase section */
		D45226B024EDA981003F8E80 /* Frameworks */ = {
			isa = PBXFrameworksBuildPhase;
			buildActionMask = 2147483647;
			files = (
				75D635D923D82EBBFC4BC3A4 /* Pods_Instagram.framework in Frameworks */,
			);
			runOnlyForDeploymentPostprocessing = 0;
		};
/* End PBXFrameworksBuildPhase section */

/* Begin PBXGroup section */
		1B17C430D9FDE522438DB722 /* Pods */ = {
			isa = PBXGroup;
			children = (
				EABE560E36D42E778E09FED7 /* Pods-Instagram.debug.xcconfig */,
				C668786F797C21BA797D58B2 /* Pods-Instagram.release.xcconfig */,
			);
			path = Pods;
			sourceTree = "<group>";
		};
		6D33AC9F0D629478EA6C6078 /* Frameworks */ = {
			isa = PBXGroup;
			children = (
				33AD61337D370FD6799FFDC8 /* Pods_Instagram.framework */,
			);
			name = Frameworks;
			sourceTree = "<group>";
		};
		D45226AA24EDA981003F8E80 = {
			isa = PBXGroup;
			children = (
				D45226B524EDA981003F8E80 /* Instagram */,
				D45226B424EDA981003F8E80 /* Products */,
				1B17C430D9FDE522438DB722 /* Pods */,
				6D33AC9F0D629478EA6C6078 /* Frameworks */,
			);
			sourceTree = "<group>";
		};
		D45226B424EDA981003F8E80 /* Products */ = {
			isa = PBXGroup;
			children = (
				D45226B324EDA981003F8E80 /* Instagram.app */,
			);
			name = Products;
			sourceTree = "<group>";
		};
		D45226B524EDA981003F8E80 /* Instagram */ = {
			isa = PBXGroup;
			children = (
				D45226CD24EDAA14003F8E80 /* Resources */,
				D45226CC24EDA9E9003F8E80 /* Models */,
				D45226CB24EDA9E0003F8E80 /* Views */,
				D45226CA24EDA9D5003F8E80 /* Controllers */,
				D45226C424EDA983003F8E80 /* Info.plist */,
			);
			path = Instagram;
			sourceTree = "<group>";
		};
		D45226CA24EDA9D5003F8E80 /* Controllers */ = {
			isa = PBXGroup;
			children = (
				D45226D824EDABD7003F8E80 /* Other */,
				D45226D724EDABA0003F8E80 /* Core Tabs */,
			);
			path = Controllers;
			sourceTree = "<group>";
		};
		D45226CB24EDA9E0003F8E80 /* Views */ = {
			isa = PBXGroup;
			children = (
				D45226BF24EDA983003F8E80 /* Assets.xcassets */,
				D45226CE24EDAA66003F8E80 /* Storyboards */,
			);
			path = Views;
			sourceTree = "<group>";
		};
		D45226CC24EDA9E9003F8E80 /* Models */ = {
			isa = PBXGroup;
			children = (
			);
			path = Models;
			sourceTree = "<group>";
		};
		D45226CD24EDAA14003F8E80 /* Resources */ = {
			isa = PBXGroup;
			children = (
				D489AD1424EDB92C009D0AD4 /* GoogleService-Info.plist */,
				D45226B624EDA981003F8E80 /* AppDelegate.swift */,
				D45226B824EDA981003F8E80 /* SceneDelegate.swift */,
				D489AD1724EDBD40009D0AD4 /* DatabaseManager.swift */,
				D489AD1924EDBDF7009D0AD4 /* AuthManager.swift */,
				D489AD1B24EDBE2B009D0AD4 /* StorageManager.swift */,
			);
			path = Resources;
			sourceTree = "<group>";
		};
		D45226CE24EDAA66003F8E80 /* Storyboards */ = {
			isa = PBXGroup;
			children = (
				D45226BC24EDA981003F8E80 /* Main.storyboard */,
				D45226C124EDA983003F8E80 /* LaunchScreen.storyboard */,
			);
			path = Storyboards;
			sourceTree = "<group>";
		};
		D45226D724EDABA0003F8E80 /* Core Tabs */ = {
			isa = PBXGroup;
			children = (
				D45226BA24EDA981003F8E80 /* HomeViewController.swift */,
				D45226CF24EDAB06003F8E80 /* ExploreViewController.swift */,
				D45226D124EDAB23003F8E80 /* CameraViewController.swift */,
				D45226D324EDAB50003F8E80 /* NotificationViewController.swift */,
				D45226D524EDAB66003F8E80 /* ProfileViewController.swift */,
			);
			path = "Core Tabs";
			sourceTree = "<group>";
		};
		D45226D824EDABD7003F8E80 /* Other */ = {
			isa = PBXGroup;
			children = (
				D45226D924EDABDF003F8E80 /* Onboarding */,
				D489AD1624EDBBBF009D0AD4 /* General */,
			);
			path = Other;
			sourceTree = "<group>";
		};
		D45226D924EDABDF003F8E80 /* Onboarding */ = {
			isa = PBXGroup;
			children = (
				D45226DA24EDABF4003F8E80 /* LoginViewController.swift */,
				D45226DC24EDAC10003F8E80 /* RegistrationViewController.swift */,
			);
			path = Onboarding;
			sourceTree = "<group>";
		};
		D489AD1624EDBBBF009D0AD4 /* General */ = {
			isa = PBXGroup;
			children = (
				D45226DE24EDAC35003F8E80 /* PostViewController.swift */,
				D45226E024EDAC50003F8E80 /* EditProfileViewController.swift */,
				D45226E224EDAC67003F8E80 /* SettingsViewController.swift */,
				D45226E424EDAC73003F8E80 /* ListViewController.swift */,
				D45226E624EDAC80003F8E80 /* SearchViewController.swift */,
				D45226E824EDAC97003F8E80 /* SearchResultViewController.swift */,
				D45226EA24EDACB8003F8E80 /* PostEditorViewController.swift */,
				D45226EC24EDACD8003F8E80 /* PublishPostViewController.swift */,
			);
			path = General;
			sourceTree = "<group>";
		};
/* End PBXGroup section */

/* Begin PBXNativeTarget section */
		D45226B224EDA981003F8E80 /* Instagram */ = {
			isa = PBXNativeTarget;
			buildConfigurationList = D45226C724EDA983003F8E80 /* Build configuration list for PBXNativeTarget "Instagram" */;
			buildPhases = (
				3C0AC0110F662F3473131DA4 /* [CP] Check Pods Manifest.lock */,
				D45226AF24EDA981003F8E80 /* Sources */,
				D45226B024EDA981003F8E80 /* Frameworks */,
				D45226B124EDA981003F8E80 /* Resources */,
				A41ACFE0FF42BBCF96B6FFF5 /* [CP] Embed Pods Frameworks */,
			);
			buildRules = (
			);
			dependencies = (
			);
			name = Instagram;
			productName = Instagram;
			productReference = D45226B324EDA981003F8E80 /* Instagram.app */;
			productType = "com.apple.product-type.application";
		};
/* End PBXNativeTarget section */

/* Begin PBXProject section */
		D45226AB24EDA981003F8E80 /* Project object */ = {
			isa = PBXProject;
			attributes = {
				LastSwiftUpdateCheck = 1160;
				LastUpgradeCheck = 1160;
				ORGANIZATIONNAME = "Jaspreet Singh";
				TargetAttributes = {
					D45226B224EDA981003F8E80 = {
						CreatedOnToolsVersion = 11.6;
					};
				};
			};
			buildConfigurationList = D45226AE24EDA981003F8E80 /* Build configuration list for PBXProject "Instagram" */;
			compatibilityVersion = "Xcode 9.3";
			developmentRegion = en;
			hasScannedForEncodings = 0;
			knownRegions = (
				en,
				Base,
			);
			mainGroup = D45226AA24EDA981003F8E80;
			productRefGroup = D45226B424EDA981003F8E80 /* Products */;
			projectDirPath = "";
			projectRoot = "";
			targets = (
				D45226B224EDA981003F8E80 /* Instagram */,
			);
		};
/* End PBXProject section */

/* Begin PBXResourcesBuildPhase section */
		D45226B124EDA981003F8E80 /* Resources */ = {
			isa = PBXResourcesBuildPhase;
			buildActionMask = 2147483647;
			files = (
				D45226C324EDA983003F8E80 /* LaunchScreen.storyboard in Resources */,
				D489AD1524EDB92D009D0AD4 /* GoogleService-Info.plist in Resources */,
				D45226C024EDA983003F8E80 /* Assets.xcassets in Resources */,
				D45226BE24EDA981003F8E80 /* Main.storyboard in Resources */,
			);
			runOnlyForDeploymentPostprocessing = 0;
		};
/* End PBXResourcesBuildPhase section */

/* Begin PBXShellScriptBuildPhase section */
		3C0AC0110F662F3473131DA4 /* [CP] Check Pods Manifest.lock */ = {
			isa = PBXShellScriptBuildPhase;
			buildActionMask = 2147483647;
			files = (
			);
			inputFileListPaths = (
			);
			inputPaths = (
				"${PODS_PODFILE_DIR_PATH}/Podfile.lock",
				"${PODS_ROOT}/Manifest.lock",
			);
			name = "[CP] Check Pods Manifest.lock";
			outputFileListPaths = (
			);
			outputPaths = (
				"$(DERIVED_FILE_DIR)/Pods-Instagram-checkManifestLockResult.txt",
			);
			runOnlyForDeploymentPostprocessing = 0;
			shellPath = /bin/sh;
			shellScript = "diff \"${PODS_PODFILE_DIR_PATH}/Podfile.lock\" \"${PODS_ROOT}/Manifest.lock\" > /dev/null\nif [ $? != 0 ] ; then\n    # print error to STDERR\n    echo \"error: The sandbox is not in sync with the Podfile.lock. Run 'pod install' or update your CocoaPods installation.\" >&2\n    exit 1\nfi\n# This output is used by Xcode 'outputs' to avoid re-running this script phase.\necho \"SUCCESS\" > \"${SCRIPT_OUTPUT_FILE_0}\"\n";
			showEnvVarsInLog = 0;
		};
		A41ACFE0FF42BBCF96B6FFF5 /* [CP] Embed Pods Frameworks */ = {
			isa = PBXShellScriptBuildPhase;
			buildActionMask = 2147483647;
			files = (
			);
			inputFileListPaths = (
				"${PODS_ROOT}/Target Support Files/Pods-Instagram/Pods-Instagram-frameworks-${CONFIGURATION}-input-files.xcfilelist",
			);
			name = "[CP] Embed Pods Frameworks";
			outputFileListPaths = (
				"${PODS_ROOT}/Target Support Files/Pods-Instagram/Pods-Instagram-frameworks-${CONFIGURATION}-output-files.xcfilelist",
			);
			runOnlyForDeploymentPostprocessing = 0;
			shellPath = /bin/sh;
			shellScript = "\"${PODS_ROOT}/Target Support Files/Pods-Instagram/Pods-Instagram-frameworks.sh\"\n";
			showEnvVarsInLog = 0;
		};
/* End PBXShellScriptBuildPhase section */

/* Begin PBXSourcesBuildPhase section */
		D45226AF24EDA981003F8E80 /* Sources */ = {
			isa = PBXSourcesBuildPhase;
			buildActionMask = 2147483647;
			files = (
				D45226E124EDAC50003F8E80 /* EditProfileViewController.swift in Sources */,
				D45226D024EDAB06003F8E80 /* ExploreViewController.swift in Sources */,
				D45226ED24EDACD8003F8E80 /* PublishPostViewController.swift in Sources */,
				D45226D224EDAB23003F8E80 /* CameraViewController.swift in Sources */,
				D45226D424EDAB50003F8E80 /* NotificationViewController.swift in Sources */,
				D45226DD24EDAC10003F8E80 /* RegistrationViewController.swift in Sources */,
				D45226EB24EDACB8003F8E80 /* PostEditorViewController.swift in Sources */,
				D489AD1C24EDBE2B009D0AD4 /* StorageManager.swift in Sources */,
				D45226DF24EDAC35003F8E80 /* PostViewController.swift in Sources */,
				D489AD1824EDBD40009D0AD4 /* DatabaseManager.swift in Sources */,
				D45226BB24EDA981003F8E80 /* HomeViewController.swift in Sources */,
				D45226E924EDAC97003F8E80 /* SearchResultViewController.swift in Sources */,
				D45226DB24EDABF4003F8E80 /* LoginViewController.swift in Sources */,
				D45226E724EDAC80003F8E80 /* SearchViewController.swift in Sources */,
				D45226D624EDAB66003F8E80 /* ProfileViewController.swift in Sources */,
				D489AD1A24EDBDF7009D0AD4 /* AuthManager.swift in Sources */,
				D45226B724EDA981003F8E80 /* AppDelegate.swift in Sources */,
				D45226B924EDA981003F8E80 /* SceneDelegate.swift in Sources */,
				D45226E524EDAC73003F8E80 /* ListViewController.swift in Sources */,
				D45226E324EDAC67003F8E80 /* SettingsViewController.swift in Sources */,
			);
			runOnlyForDeploymentPostprocessing = 0;
		};
/* End PBXSourcesBuildPhase section */

/* Begin PBXVariantGroup section */
		D45226BC24EDA981003F8E80 /* Main.storyboard */ = {
			isa = PBXVariantGroup;
			children = (
				D45226BD24EDA981003F8E80 /* Base */,
			);
			name = Main.storyboard;
			sourceTree = "<group>";
		};
		D45226C124EDA983003F8E80 /* LaunchScreen.storyboard */ = {
			isa = PBXVariantGroup;
			children = (
				D45226C224EDA983003F8E80 /* Base */,
			);
			name = LaunchScreen.storyboard;
			sourceTree = "<group>";
		};
/* End PBXVariantGroup section */

/* Begin XCBuildConfiguration section */
		D45226C524EDA983003F8E80 /* Debug */ = {
			isa = XCBuildConfiguration;
			buildSettings = {
				ALWAYS_SEARCH_USER_PATHS = NO;
				CLANG_ANALYZER_NONNULL = YES;
				CLANG_ANALYZER_NUMBER_OBJECT_CONVERSION = YES_AGGRESSIVE;
				CLANG_CXX_LANGUAGE_STANDARD = "gnu++14";
				CLANG_CXX_LIBRARY = "libc++";
				CLANG_ENABLE_MODULES = YES;
				CLANG_ENABLE_OBJC_ARC = YES;
				CLANG_ENABLE_OBJC_WEAK = YES;
				CLANG_WARN_BLOCK_CAPTURE_AUTORELEASING = YES;
				CLANG_WARN_BOOL_CONVERSION = YES;
				CLANG_WARN_COMMA = YES;
				CLANG_WARN_CONSTANT_CONVERSION = YES;
				CLANG_WARN_DEPRECATED_OBJC_IMPLEMENTATIONS = YES;
				CLANG_WARN_DIRECT_OBJC_ISA_USAGE = YES_ERROR;
				CLANG_WARN_DOCUMENTATION_COMMENTS = YES;
				CLANG_WARN_EMPTY_BODY = YES;
				CLANG_WARN_ENUM_CONVERSION = YES;
				CLANG_WARN_INFINITE_RECURSION = YES;
				CLANG_WARN_INT_CONVERSION = YES;
				CLANG_WARN_NON_LITERAL_NULL_CONVERSION = YES;
				CLANG_WARN_OBJC_IMPLICIT_RETAIN_SELF = YES;
				CLANG_WARN_OBJC_LITERAL_CONVERSION = YES;
				CLANG_WARN_OBJC_ROOT_CLASS = YES_ERROR;
				CLANG_WARN_RANGE_LOOP_ANALYSIS = YES;
				CLANG_WARN_STRICT_PROTOTYPES = YES;
				CLANG_WARN_SUSPICIOUS_MOVE = YES;
				CLANG_WARN_UNGUARDED_AVAILABILITY = YES_AGGRESSIVE;
				CLANG_WARN_UNREACHABLE_CODE = YES;
				CLANG_WARN__DUPLICATE_METHOD_MATCH = YES;
				COPY_PHASE_STRIP = NO;
				DEBUG_INFORMATION_FORMAT = dwarf;
				ENABLE_STRICT_OBJC_MSGSEND = YES;
				ENABLE_TESTABILITY = YES;
				GCC_C_LANGUAGE_STANDARD = gnu11;
				GCC_DYNAMIC_NO_PIC = NO;
				GCC_NO_COMMON_BLOCKS = YES;
				GCC_OPTIMIZATION_LEVEL = 0;
				GCC_PREPROCESSOR_DEFINITIONS = (
					"DEBUG=1",
					"$(inherited)",
				);
				GCC_WARN_64_TO_32_BIT_CONVERSION = YES;
				GCC_WARN_ABOUT_RETURN_TYPE = YES_ERROR;
				GCC_WARN_UNDECLARED_SELECTOR = YES;
				GCC_WARN_UNINITIALIZED_AUTOS = YES_AGGRESSIVE;
				GCC_WARN_UNUSED_FUNCTION = YES;
				GCC_WARN_UNUSED_VARIABLE = YES;
				IPHONEOS_DEPLOYMENT_TARGET = 13.6;
				MTL_ENABLE_DEBUG_INFO = INCLUDE_SOURCE;
				MTL_FAST_MATH = YES;
				ONLY_ACTIVE_ARCH = YES;
				SDKROOT = iphoneos;
				SWIFT_ACTIVE_COMPILATION_CONDITIONS = DEBUG;
				SWIFT_OPTIMIZATION_LEVEL = "-Onone";
			};
			name = Debug;
		};
		D45226C624EDA983003F8E80 /* Release */ = {
			isa = XCBuildConfiguration;
			buildSettings = {
				ALWAYS_SEARCH_USER_PATHS = NO;
				CLANG_ANALYZER_NONNULL = YES;
				CLANG_ANALYZER_NUMBER_OBJECT_CONVERSION = YES_AGGRESSIVE;
				CLANG_CXX_LANGUAGE_STANDARD = "gnu++14";
				CLANG_CXX_LIBRARY = "libc++";
				CLANG_ENABLE_MODULES = YES;
				CLANG_ENABLE_OBJC_ARC = YES;
				CLANG_ENABLE_OBJC_WEAK = YES;
				CLANG_WARN_BLOCK_CAPTURE_AUTORELEASING = YES;
				CLANG_WARN_BOOL_CONVERSION = YES;
				CLANG_WARN_COMMA = YES;
				CLANG_WARN_CONSTANT_CONVERSION = YES;
				CLANG_WARN_DEPRECATED_OBJC_IMPLEMENTATIONS = YES;
				CLANG_WARN_DIRECT_OBJC_ISA_USAGE = YES_ERROR;
				CLANG_WARN_DOCUMENTATION_COMMENTS = YES;
				CLANG_WARN_EMPTY_BODY = YES;
				CLANG_WARN_ENUM_CONVERSION = YES;
				CLANG_WARN_INFINITE_RECURSION = YES;
				CLANG_WARN_INT_CONVERSION = YES;
				CLANG_WARN_NON_LITERAL_NULL_CONVERSION = YES;
				CLANG_WARN_OBJC_IMPLICIT_RETAIN_SELF = YES;
				CLANG_WARN_OBJC_LITERAL_CONVERSION = YES;
				CLANG_WARN_OBJC_ROOT_CLASS = YES_ERROR;
				CLANG_WARN_RANGE_LOOP_ANALYSIS = YES;
				CLANG_WARN_STRICT_PROTOTYPES = YES;
				CLANG_WARN_SUSPICIOUS_MOVE = YES;
				CLANG_WARN_UNGUARDED_AVAILABILITY = YES_AGGRESSIVE;
				CLANG_WARN_UNREACHABLE_CODE = YES;
				CLANG_WARN__DUPLICATE_METHOD_MATCH = YES;
				COPY_PHASE_STRIP = NO;
				DEBUG_INFORMATION_FORMAT = "dwarf-with-dsym";
				ENABLE_NS_ASSERTIONS = NO;
				ENABLE_STRICT_OBJC_MSGSEND = YES;
				GCC_C_LANGUAGE_STANDARD = gnu11;
				GCC_NO_COMMON_BLOCKS = YES;
				GCC_WARN_64_TO_32_BIT_CONVERSION = YES;
				GCC_WARN_ABOUT_RETURN_TYPE = YES_ERROR;
				GCC_WARN_UNDECLARED_SELECTOR = YES;
				GCC_WARN_UNINITIALIZED_AUTOS = YES_AGGRESSIVE;
				GCC_WARN_UNUSED_FUNCTION = YES;
				GCC_WARN_UNUSED_VARIABLE = YES;
				IPHONEOS_DEPLOYMENT_TARGET = 13.6;
				MTL_ENABLE_DEBUG_INFO = NO;
				MTL_FAST_MATH = YES;
				SDKROOT = iphoneos;
				SWIFT_COMPILATION_MODE = wholemodule;
				SWIFT_OPTIMIZATION_LEVEL = "-O";
				VALIDATE_PRODUCT = YES;
			};
			name = Release;
		};
		D45226C824EDA983003F8E80 /* Debug */ = {
			isa = XCBuildConfiguration;
			baseConfigurationReference = EABE560E36D42E778E09FED7 /* Pods-Instagram.debug.xcconfig */;
			buildSettings = {
				ASSETCATALOG_COMPILER_APPICON_NAME = AppIcon;
				CODE_SIGN_STYLE = Automatic;
				DEVELOPMENT_TEAM = FH835Y33KA;
				INFOPLIST_FILE = Instagram/Info.plist;
				LD_RUNPATH_SEARCH_PATHS = (
					"$(inherited)",
					"@executable_path/Frameworks",
				);
				PRODUCT_BUNDLE_IDENTIFIER = com.singhJaspreet.Instagram;
				PRODUCT_NAME = "$(TARGET_NAME)";
				SWIFT_VERSION = 5.0;
				TARGETED_DEVICE_FAMILY = "1,2";
			};
			name = Debug;
		};
		D45226C924EDA983003F8E80 /* Release */ = {
			isa = XCBuildConfiguration;
			baseConfigurationReference = C668786F797C21BA797D58B2 /* Pods-Instagram.release.xcconfig */;
			buildSettings = {
				ASSETCATALOG_COMPILER_APPICON_NAME = AppIcon;
				CODE_SIGN_STYLE = Automatic;
				DEVELOPMENT_TEAM = FH835Y33KA;
				INFOPLIST_FILE = Instagram/Info.plist;
				LD_RUNPATH_SEARCH_PATHS = (
					"$(inherited)",
					"@executable_path/Frameworks",
				);
				PRODUCT_BUNDLE_IDENTIFIER = com.singhJaspreet.Instagram;
				PRODUCT_NAME = "$(TARGET_NAME)";
				SWIFT_VERSION = 5.0;
				TARGETED_DEVICE_FAMILY = "1,2";
			};
			name = Release;
		};
/* End XCBuildConfiguration section */

/* Begin XCConfigurationList section */
		D45226AE24EDA981003F8E80 /* Build configuration list for PBXProject "Instagram" */ = {
			isa = XCConfigurationList;
			buildConfigurations = (
				D45226C524EDA983003F8E80 /* Debug */,
				D45226C624EDA983003F8E80 /* Release */,
			);
			defaultConfigurationIsVisible = 0;
			defaultConfigurationName = Release;
		};
		D45226C724EDA983003F8E80 /* Build configuration list for PBXNativeTarget "Instagram" */ = {
			isa = XCConfigurationList;
			buildConfigurations = (
				D45226C824EDA983003F8E80 /* Debug */,
				D45226C924EDA983003F8E80 /* Release */,
			);
			defaultConfigurationIsVisible = 0;
			defaultConfigurationName = Release;
		};
/* End XCConfigurationList section */
	};
	rootObject = D45226AB24EDA981003F8E80 /* Project object */;
}
